// !$*UTF8*$!
{
	archiveVersion = 1;
	classes = {
	};
	objectVersion = 50;
	objects = {

/* Begin PBXBuildFile section */
		87305AC8267E02B200389030 /* AppDelegate.swift in Sources */ = {isa = PBXBuildFile; fileRef = 87305AC7267E02B200389030 /* AppDelegate.swift */; };
		87305ACC267E02B200389030 /* ViewController.swift in Sources */ = {isa = PBXBuildFile; fileRef = 87305ACB267E02B200389030 /* ViewController.swift */; };
		87305ACF267E02B200389030 /* Main.storyboard in Resources */ = {isa = PBXBuildFile; fileRef = 87305ACD267E02B200389030 /* Main.storyboard */; };
		87305AD2267E02B200389030 /* CustomVideoPlayer.xcdatamodeld in Sources */ = {isa = PBXBuildFile; fileRef = 87305AD0267E02B200389030 /* CustomVideoPlayer.xcdatamodeld */; };
		87305AD4267E02B200389030 /* Assets.xcassets in Resources */ = {isa = PBXBuildFile; fileRef = 87305AD3267E02B200389030 /* Assets.xcassets */; };
		87305AD7267E02B200389030 /* LaunchScreen.storyboard in Resources */ = {isa = PBXBuildFile; fileRef = 87305AD5267E02B200389030 /* LaunchScreen.storyboard */; };
		87305AE6267E036700389030 /* VideoPlayer.storyboard in Resources */ = {isa = PBXBuildFile; fileRef = 87305AE1267E036700389030 /* VideoPlayer.storyboard */; };
		87305AE7267E036700389030 /* VideoPlayer.swift in Sources */ = {isa = PBXBuildFile; fileRef = 87305AE2267E036700389030 /* VideoPlayer.swift */; };
		87305AE8267E036700389030 /* VideoPlayer.xcassets in Resources */ = {isa = PBXBuildFile; fileRef = 87305AE3267E036700389030 /* VideoPlayer.xcassets */; };
		87305AE9267E036700389030 /* clip.mp4 in Resources */ = {isa = PBXBuildFile; fileRef = 87305AE4267E036700389030 /* clip.mp4 */; };
		87305AEA267E036700389030 /* VideoPlayerViewController.swift in Sources */ = {isa = PBXBuildFile; fileRef = 87305AE5267E036700389030 /* VideoPlayerViewController.swift */; };
/* End PBXBuildFile section */

/* Begin PBXFileReference section */
		87305AC4267E02B200389030 /* CustomVideoPlayer.app */ = {isa = PBXFileReference; explicitFileType = wrapper.application; includeInIndex = 0; path = CustomVideoPlayer.app; sourceTree = BUILT_PRODUCTS_DIR; };
		87305AC7267E02B200389030 /* AppDelegate.swift */ = {isa = PBXFileReference; lastKnownFileType = sourcecode.swift; path = AppDelegate.swift; sourceTree = "<group>"; };
		87305ACB267E02B200389030 /* ViewController.swift */ = {isa = PBXFileReference; lastKnownFileType = sourcecode.swift; path = ViewController.swift; sourceTree = "<group>"; };
		87305ACE267E02B200389030 /* Base */ = {isa = PBXFileReference; lastKnownFileType = file.storyboard; name = Base; path = Base.lproj/Main.storyboard; sourceTree = "<group>"; };
		87305AD1267E02B200389030 /* CustomVideoPlayer.xcdatamodel */ = {isa = PBXFileReference; lastKnownFileType = wrapper.xcdatamodel; path = CustomVideoPlayer.xcdatamodel; sourceTree = "<group>"; };
		87305AD3267E02B200389030 /* Assets.xcassets */ = {isa = PBXFileReference; lastKnownFileType = folder.assetcatalog; path = Assets.xcassets; sourceTree = "<group>"; };
		87305AD6267E02B200389030 /* Base */ = {isa = PBXFileReference; lastKnownFileType = file.storyboard; name = Base; path = Base.lproj/LaunchScreen.storyboard; sourceTree = "<group>"; };
		87305AD8267E02B200389030 /* Info.plist */ = {isa = PBXFileReference; lastKnownFileType = text.plist.xml; path = Info.plist; sourceTree = "<group>"; };
		87305AE1267E036700389030 /* VideoPlayer.storyboard */ = {isa = PBXFileReference; fileEncoding = 4; lastKnownFileType = file.storyboard; path = VideoPlayer.storyboard; sourceTree = "<group>"; };
		87305AE2267E036700389030 /* VideoPlayer.swift */ = {isa = PBXFileReference; fileEncoding = 4; lastKnownFileType = sourcecode.swift; path = VideoPlayer.swift; sourceTree = "<group>"; };
		87305AE3267E036700389030 /* VideoPlayer.xcassets */ = {isa = PBXFileReference; lastKnownFileType = folder.assetcatalog; path = VideoPlayer.xcassets; sourceTree = "<group>"; };
		87305AE4267E036700389030 /* clip.mp4 */ = {isa = PBXFileReference; lastKnownFileType = file; path = clip.mp4; sourceTree = "<group>"; };
		87305AE5267E036700389030 /* VideoPlayerViewController.swift */ = {isa = PBXFileReference; fileEncoding = 4; lastKnownFileType = sourcecode.swift; path = VideoPlayerViewController.swift; sourceTree = "<group>"; };
/* End PBXFileReference section */

/* Begin PBXFrameworksBuildPhase section */
		87305AC1267E02B200389030 /* Frameworks */ = {
			isa = PBXFrameworksBuildPhase;
			buildActionMask = 2147483647;
			files = (
			);
			runOnlyForDeploymentPostprocessing = 0;
		};
/* End PBXFrameworksBuildPhase section */

/* Begin PBXGroup section */
		87305ABB267E02B200389030 = {
			isa = PBXGroup;
			children = (
				87305AC6267E02B200389030 /* CustomVideoPlayer */,
				87305AC5267E02B200389030 /* Products */,
			);
			sourceTree = "<group>";
		};
		87305AC5267E02B200389030 /* Products */ = {
			isa = PBXGroup;
			children = (
				87305AC4267E02B200389030 /* CustomVideoPlayer.app */,
			);
			name = Products;
			sourceTree = "<group>";
		};
		87305AC6267E02B200389030 /* CustomVideoPlayer */ = {
			isa = PBXGroup;
			children = (
				87305AC7267E02B200389030 /* AppDelegate.swift */,
				87305AE0267E036700389030 /* VideoPlayerViewController */,
				87305ACB267E02B200389030 /* ViewController.swift */,
				87305ACD267E02B200389030 /* Main.storyboard */,
				87305AD3267E02B200389030 /* Assets.xcassets */,
				87305AD5267E02B200389030 /* LaunchScreen.storyboard */,
				87305AD8267E02B200389030 /* Info.plist */,
				87305AD0267E02B200389030 /* CustomVideoPlayer.xcdatamodeld */,
			);
			path = CustomVideoPlayer;
			sourceTree = "<group>";
		};
		87305AE0267E036700389030 /* VideoPlayerViewController */ = {
			isa = PBXGroup;
			children = (
				87305AE1267E036700389030 /* VideoPlayer.storyboard */,
				87305AE2267E036700389030 /* VideoPlayer.swift */,
				87305AE3267E036700389030 /* VideoPlayer.xcassets */,
				87305AE4267E036700389030 /* clip.mp4 */,
				87305AE5267E036700389030 /* VideoPlayerViewController.swift */,
			);
			path = VideoPlayerViewController;
			sourceTree = "<group>";
		};
/* End PBXGroup section */

/* Begin PBXNativeTarget section */
		87305AC3267E02B200389030 /* CustomVideoPlayer */ = {
			isa = PBXNativeTarget;
			buildConfigurationList = 87305ADB267E02B200389030 /* Build configuration list for PBXNativeTarget "CustomVideoPlayer" */;
			buildPhases = (
				87305AC0267E02B200389030 /* Sources */,
				87305AC1267E02B200389030 /* Frameworks */,
				87305AC2267E02B200389030 /* Resources */,
			);
			buildRules = (
			);
			dependencies = (
			);
			name = CustomVideoPlayer;
			productName = CustomVideoPlayer;
			productReference = 87305AC4267E02B200389030 /* CustomVideoPlayer.app */;
			productType = "com.apple.product-type.application";
		};
/* End PBXNativeTarget section */

/* Begin PBXProject section */
		87305ABC267E02B200389030 /* Project object */ = {
			isa = PBXProject;
			attributes = {
				LastSwiftUpdateCheck = 1240;
				LastUpgradeCheck = 1240;
				TargetAttributes = {
					87305AC3267E02B200389030 = {
						CreatedOnToolsVersion = 12.4;
					};
				};
			};
			buildConfigurationList = 87305ABF267E02B200389030 /* Build configuration list for PBXProject "CustomVideoPlayer" */;
			compatibilityVersion = "Xcode 9.3";
			developmentRegion = en;
			hasScannedForEncodings = 0;
			knownRegions = (
				en,
				Base,
			);
			mainGroup = 87305ABB267E02B200389030;
			productRefGroup = 87305AC5267E02B200389030 /* Products */;
			projectDirPath = "";
			projectRoot = "";
			targets = (
				87305AC3267E02B200389030 /* CustomVideoPlayer */,
			);
		};
/* End PBXProject section */

/* Begin PBXResourcesBuildPhase section */
		87305AC2267E02B200389030 /* Resources */ = {
			isa = PBXResourcesBuildPhase;
			buildActionMask = 2147483647;
			files = (
				87305AD7267E02B200389030 /* LaunchScreen.storyboard in Resources */,
				87305AE9267E036700389030 /* clip.mp4 in Resources */,
				87305AE6267E036700389030 /* VideoPlayer.storyboard in Resources */,
				87305AE8267E036700389030 /* VideoPlayer.xcassets in Resources */,
				87305AD4267E02B200389030 /* Assets.xcassets in Resources */,
				87305ACF267E02B200389030 /* Main.storyboard in Resources */,
			);
			runOnlyForDeploymentPostprocessing = 0;
		};
/* End PBXResourcesBuildPhase section */

/* Begin PBXSourcesBuildPhase section */
		87305AC0267E02B200389030 /* Sources */ = {
			isa = PBXSourcesBuildPhase;
			buildActionMask = 2147483647;
			files = (
				87305AE7267E036700389030 /* VideoPlayer.swift in Sources */,
				87305ACC267E02B200389030 /* ViewController.swift in Sources */,
				87305AEA267E036700389030 /* VideoPlayerViewController.swift in Sources */,
				87305AD2267E02B200389030 /* CustomVideoPlayer.xcdatamodeld in Sources */,
				87305AC8267E02B200389030 /* AppDelegate.swift in Sources */,
			);
			runOnlyForDeploymentPostprocessing = 0;
		};
/* End PBXSourcesBuildPhase section */

/* Begin PBXVariantGroup section */
		87305ACD267E02B200389030 /* Main.storyboard */ = {
			isa = PBXVariantGroup;
			children = (
				87305ACE267E02B200389030 /* Base */,
			);
			name = Main.storyboard;
			sourceTree = "<group>";
		};
		87305AD5267E02B200389030 /* LaunchScreen.storyboard */ = {
			isa = PBXVariantGroup;
			children = (
				87305AD6267E02B200389030 /* Base */,
			);
			name = LaunchScreen.storyboard;
			sourceTree = "<group>";
		};
/* End PBXVariantGroup section */

/* Begin XCBuildConfiguration section */
		87305AD9267E02B200389030 /* Debug */ = {
			isa = XCBuildConfiguration;
			buildSettings = {
				ALWAYS_SEARCH_USER_PATHS = NO;
				CLANG_ANALYZER_NONNULL = YES;
				CLANG_ANALYZER_NUMBER_OBJECT_CONVERSION = YES_AGGRESSIVE;
				CLANG_CXX_LANGUAGE_STANDARD = "gnu++14";
				CLANG_CXX_LIBRARY = "libc++";
				CLANG_ENABLE_MODULES = YES;
				CLANG_ENABLE_OBJC_ARC = YES;
				CLANG_ENABLE_OBJC_WEAK = YES;
				CLANG_WARN_BLOCK_CAPTURE_AUTORELEASING = YES;
				CLANG_WARN_BOOL_CONVERSION = YES;
				CLANG_WARN_COMMA = YES;
				CLANG_WARN_CONSTANT_CONVERSION = YES;
				CLANG_WARN_DEPRECATED_OBJC_IMPLEMENTATIONS = YES;
				CLANG_WARN_DIRECT_OBJC_ISA_USAGE = YES_ERROR;
				CLANG_WARN_DOCUMENTATION_COMMENTS = YES;
				CLANG_WARN_EMPTY_BODY = YES;
				CLANG_WARN_ENUM_CONVERSION = YES;
				CLANG_WARN_INFINITE_RECURSION = YES;
				CLANG_WARN_INT_CONVERSION = YES;
				CLANG_WARN_NON_LITERAL_NULL_CONVERSION = YES;
				CLANG_WARN_OBJC_IMPLICIT_RETAIN_SELF = YES;
				CLANG_WARN_OBJC_LITERAL_CONVERSION = YES;
				CLANG_WARN_OBJC_ROOT_CLASS = YES_ERROR;
				CLANG_WARN_QUOTED_INCLUDE_IN_FRAMEWORK_HEADER = YES;
				CLANG_WARN_RANGE_LOOP_ANALYSIS = YES;
				CLANG_WARN_STRICT_PROTOTYPES = YES;
				CLANG_WARN_SUSPICIOUS_MOVE = YES;
				CLANG_WARN_UNGUARDED_AVAILABILITY = YES_AGGRESSIVE;
				CLANG_WARN_UNREACHABLE_CODE = YES;
				CLANG_WARN__DUPLICATE_METHOD_MATCH = YES;
				COPY_PHASE_STRIP = NO;
				DEBUG_INFORMATION_FORMAT = dwarf;
				ENABLE_STRICT_OBJC_MSGSEND = YES;
				ENABLE_TESTABILITY = YES;
				GCC_C_LANGUAGE_STANDARD = gnu11;
				GCC_DYNAMIC_NO_PIC = NO;
				GCC_NO_COMMON_BLOCKS = YES;
				GCC_OPTIMIZATION_LEVEL = 0;
				GCC_PREPROCESSOR_DEFINITIONS = (
					"DEBUG=1",
					"$(inherited)",
				);
				GCC_WARN_64_TO_32_BIT_CONVERSION = YES;
				GCC_WARN_ABOUT_RETURN_TYPE = YES_ERROR;
				GCC_WARN_UNDECLARED_SELECTOR = YES;
				GCC_WARN_UNINITIALIZED_AUTOS = YES_AGGRESSIVE;
				GCC_WARN_UNUSED_FUNCTION = YES;
				GCC_WARN_UNUSED_VARIABLE = YES;
				IPHONEOS_DEPLOYMENT_TARGET = 14.4;
				MTL_ENABLE_DEBUG_INFO = INCLUDE_SOURCE;
				MTL_FAST_MATH = YES;
				ONLY_ACTIVE_ARCH = YES;
				SDKROOT = iphoneos;
				SWIFT_ACTIVE_COMPILATION_CONDITIONS = DEBUG;
				SWIFT_OPTIMIZATION_LEVEL = "-Onone";
			};
			name = Debug;
		};
		87305ADA267E02B200389030 /* Release */ = {
			isa = XCBuildConfiguration;
			buildSettings = {
				ALWAYS_SEARCH_USER_PATHS = NO;
				CLANG_ANALYZER_NONNULL = YES;
				CLANG_ANALYZER_NUMBER_OBJECT_CONVERSION = YES_AGGRESSIVE;
				CLANG_CXX_LANGUAGE_STANDARD = "gnu++14";
				CLANG_CXX_LIBRARY = "libc++";
				CLANG_ENABLE_MODULES = YES;
				CLANG_ENABLE_OBJC_ARC = YES;
				CLANG_ENABLE_OBJC_WEAK = YES;
				CLANG_WARN_BLOCK_CAPTURE_AUTORELEASING = YES;
				CLANG_WARN_BOOL_CONVERSION = YES;
				CLANG_WARN_COMMA = YES;
				CLANG_WARN_CONSTANT_CONVERSION = YES;
				CLANG_WARN_DEPRECATED_OBJC_IMPLEMENTATIONS = YES;
				CLANG_WARN_DIRECT_OBJC_ISA_USAGE = YES_ERROR;
				CLANG_WARN_DOCUMENTATION_COMMENTS = YES;
				CLANG_WARN_EMPTY_BODY = YES;
				CLANG_WARN_ENUM_CONVERSION = YES;
				CLANG_WARN_INFINITE_RECURSION = YES;
				CLANG_WARN_INT_CONVERSION = YES;
				CLANG_WARN_NON_LITERAL_NULL_CONVERSION = YES;
				CLANG_WARN_OBJC_IMPLICIT_RETAIN_SELF = YES;
				CLANG_WARN_OBJC_LITERAL_CONVERSION = YES;
				CLANG_WARN_OBJC_ROOT_CLASS = YES_ERROR;
				CLANG_WARN_QUOTED_INCLUDE_IN_FRAMEWORK_HEADER = YES;
				CLANG_WARN_RANGE_LOOP_ANALYSIS = YES;
				CLANG_WARN_STRICT_PROTOTYPES = YES;
				CLANG_WARN_SUSPICIOUS_MOVE = YES;
				CLANG_WARN_UNGUARDED_AVAILABILITY = YES_AGGRESSIVE;
				CLANG_WARN_UNREACHABLE_CODE = YES;
				CLANG_WARN__DUPLICATE_METHOD_MATCH = YES;
				COPY_PHASE_STRIP = NO;
				DEBUG_INFORMATION_FORMAT = "dwarf-with-dsym";
				ENABLE_NS_ASSERTIONS = NO;
				ENABLE_STRICT_OBJC_MSGSEND = YES;
				GCC_C_LANGUAGE_STANDARD = gnu11;
				GCC_NO_COMMON_BLOCKS = YES;
				GCC_WARN_64_TO_32_BIT_CONVERSION = YES;
				GCC_WARN_ABOUT_RETURN_TYPE = YES_ERROR;
				GCC_WARN_UNDECLARED_SELECTOR = YES;
				GCC_WARN_UNINITIALIZED_AUTOS = YES_AGGRESSIVE;
				GCC_WARN_UNUSED_FUNCTION = YES;
				GCC_WARN_UNUSED_VARIABLE = YES;
				IPHONEOS_DEPLOYMENT_TARGET = 14.4;
				MTL_ENABLE_DEBUG_INFO = NO;
				MTL_FAST_MATH = YES;
				SDKROOT = iphoneos;
				SWIFT_COMPILATION_MODE = wholemodule;
				SWIFT_OPTIMIZATION_LEVEL = "-O";
				VALIDATE_PRODUCT = YES;
			};
			name = Release;
		};
		87305ADC267E02B200389030 /* Debug */ = {
			isa = XCBuildConfiguration;
			buildSettings = {
				ASSETCATALOG_COMPILER_APPICON_NAME = AppIcon;
				ASSETCATALOG_COMPILER_GLOBAL_ACCENT_COLOR_NAME = AccentColor;
				CODE_SIGN_STYLE = Automatic;
				DEVELOPMENT_TEAM = 5TD58N93U6;
				INFOPLIST_FILE = CustomVideoPlayer/Info.plist;
				LD_RUNPATH_SEARCH_PATHS = (
					"$(inherited)",
					"@executable_path/Frameworks",
				);
				PRODUCT_BUNDLE_IDENTIFIER = com.abcd.CustomVideoPlayer;
				PRODUCT_NAME = "$(TARGET_NAME)";
				SWIFT_VERSION = 5.0;
				TARGETED_DEVICE_FAMILY = "1,2";
			};
			name = Debug;
		};
		87305ADD267E02B200389030 /* Release */ = {
			isa = XCBuildConfiguration;
			buildSettings = {
				ASSETCATALOG_COMPILER_APPICON_NAME = AppIcon;
				ASSETCATALOG_COMPILER_GLOBAL_ACCENT_COLOR_NAME = AccentColor;
				CODE_SIGN_STYLE = Automatic;
				DEVELOPMENT_TEAM = 5TD58N93U6;
				INFOPLIST_FILE = CustomVideoPlayer/Info.plist;
				LD_RUNPATH_SEARCH_PATHS = (
					"$(inherited)",
					"@executable_path/Frameworks",
				);
				PRODUCT_BUNDLE_IDENTIFIER = com.abcd.CustomVideoPlayer;
				PRODUCT_NAME = "$(TARGET_NAME)";
				SWIFT_VERSION = 5.0;
				TARGETED_DEVICE_FAMILY = "1,2";
			};
			name = Release;
		};
/* End XCBuildConfiguration section */

/* Begin XCConfigurationList section */
		87305ABF267E02B200389030 /* Build configuration list for PBXProject "CustomVideoPlayer" */ = {
			isa = XCConfigurationList;
			buildConfigurations = (
				87305AD9267E02B200389030 /* Debug */,
				87305ADA267E02B200389030 /* Release */,
			);
			defaultConfigurationIsVisible = 0;
			defaultConfigurationName = Release;
		};
		87305ADB267E02B200389030 /* Build configuration list for PBXNativeTarget "CustomVideoPlayer" */ = {
			isa = XCConfigurationList;
			buildConfigurations = (
				87305ADC267E02B200389030 /* Debug */,
				87305ADD267E02B200389030 /* Release */,
			);
			defaultConfigurationIsVisible = 0;
			defaultConfigurationName = Release;
		};
/* End XCConfigurationList section */

/* Begin XCVersionGroup section */
		87305AD0267E02B200389030 /* CustomVideoPlayer.xcdatamodeld */ = {
			isa = XCVersionGroup;
			children = (
				87305AD1267E02B200389030 /* CustomVideoPlayer.xcdatamodel */,
			);
			currentVersion = 87305AD1267E02B200389030 /* CustomVideoPlayer.xcdatamodel */;
			path = CustomVideoPlayer.xcdatamodeld;
			sourceTree = "<group>";
			versionGroupType = wrapper.xcdatamodel;
		};
/* End XCVersionGroup section */
	};
	rootObject = 87305ABC267E02B200389030 /* Project object */;
}
